
Microsoft Visual Studio Solution File, Format Version 12.00
# Visual Studio 14
VisualStudioVersion = 14.0.23107.0
MinimumVisualStudioVersion = 10.0.40219.1
Project("{FAE04EC0-301F-11D3-BF4B-00C04F79EFBC}") = "Sfw.Football", "Sfw.Football\Sfw.Football.csproj", "{E3BE2114-342B-4665-9EDF-5BE7F40A59DE}"
EndProject
Project("{FAE04EC0-301F-11D3-BF4B-00C04F79EFBC}") = "Sfw.Football.Tests", "Sfw.Football.Tests\Sfw.Football.Tests.csproj", "{AFE5926C-EB73-46F5-895A-2A6F37920B61}"
EndProject
Project("{FAE04EC0-301F-11D3-BF4B-00C04F79EFBC}") = "Sfw.Football.Massive", "Sfw.Football.Massive\Sfw.Football.Massive.csproj", "{1F6E12FE-516C-4014-819F-01836C35AADA}"
EndProject
Project("{FAE04EC0-301F-11D3-BF4B-00C04F79EFBC}") = "Sfw.Football.Database", "Sfw.Football.Database\Sfw.Football.Database.csproj", "{207F1BC0-B69B-4B84-B14B-337B2AD1145E}"
EndProject
Global
	GlobalSection(SolutionConfigurationPlatforms) = preSolution
		Debug|Any CPU = Debug|Any CPU
		Release|Any CPU = Release|Any CPU
	EndGlobalSection
	GlobalSection(ProjectConfigurationPlatforms) = postSolution
		{E3BE2114-342B-4665-9EDF-5BE7F40A59DE}.Debug|Any CPU.ActiveCfg = Debug|Any CPU
		{E3BE2114-342B-4665-9EDF-5BE7F40A59DE}.Debug|Any CPU.Build.0 = Debug|Any CPU
		{E3BE2114-342B-4665-9EDF-5BE7F40A59DE}.Release|Any CPU.ActiveCfg = Release|Any CPU
		{E3BE2114-342B-4665-9EDF-5BE7F40A59DE}.Release|Any CPU.Build.0 = Release|Any CPU
		{AFE5926C-EB73-46F5-895A-2A6F37920B61}.Debug|Any CPU.ActiveCfg = Debug|Any CPU
		{AFE5926C-EB73-46F5-895A-2A6F37920B61}.Debug|Any CPU.Build.0 = Debug|Any CPU
		{AFE5926C-EB73-46F5-895A-2A6F37920B61}.Release|Any CPU.ActiveCfg = Release|Any CPU
		{AFE5926C-EB73-46F5-895A-2A6F37920B61}.Release|Any CPU.Build.0 = Release|Any CPU
		{1F6E12FE-516C-4014-819F-01836C35AADA}.Debug|Any CPU.ActiveCfg = Debug|Any CPU
		{1F6E12FE-516C-4014-819F-01836C35AADA}.Debug|Any CPU.Build.0 = Debug|Any CPU
		{1F6E12FE-516C-4014-819F-01836C35AADA}.Release|Any CPU.ActiveCfg = Release|Any CPU
		{1F6E12FE-516C-4014-819F-01836C35AADA}.Release|Any CPU.Build.0 = Release|Any CPU
		{207F1BC0-B69B-4B84-B14B-337B2AD1145E}.Debug|Any CPU.ActiveCfg = Debug|Any CPU
		{207F1BC0-B69B-4B84-B14B-337B2AD1145E}.Debug|Any CPU.Build.0 = Debug|Any CPU
		{207F1BC0-B69B-4B84-B14B-337B2AD1145E}.Release|Any CPU.ActiveCfg = Release|Any CPU
		{207F1BC0-B69B-4B84-B14B-337B2AD1145E}.Release|Any CPU.Build.0 = Release|Any CPU
	EndGlobalSection
	GlobalSection(SolutionProperties) = preSolution
		HideSolutionNode = FALSE
	EndGlobalSection
EndGlobal
